
Microsoft Visual Studio Solution File, Format Version 12.00
# Visual Studio Version 16
VisualStudioVersion = 16.0.30717.126
MinimumVisualStudioVersion = 10.0.40219.1
Project("{FAE04EC0-301F-11D3-BF4B-00C04F79EFBC}") = "Card-Memorizing Game", "Card-Memorizing Game\Card-Memorizing Game.csproj", "{85891FEB-9164-4AAF-9781-CC51F23A3227}"
EndProject
Global
	GlobalSection(SolutionConfigurationPlatforms) = preSolution
		Debug|Any CPU = Debug|Any CPU
		Release|Any CPU = Release|Any CPU
	EndGlobalSection
	GlobalSection(ProjectConfigurationPlatforms) = postSolution
		{85891FEB-9164-4AAF-9781-CC51F23A3227}.Debug|Any CPU.ActiveCfg = Debug|Any CPU
		{85891FEB-9164-4AAF-9781-CC51F23A3227}.Debug|Any CPU.Build.0 = Debug|Any CPU
		{85891FEB-9164-4AAF-9781-CC51F23A3227}.Release|Any CPU.ActiveCfg = Release|Any CPU
		{85891FEB-9164-4AAF-9781-CC51F23A3227}.Release|Any CPU.Build.0 = Release|Any CPU
	EndGlobalSection
	GlobalSection(SolutionProperties) = preSolution
		HideSolutionNode = FALSE
	EndGlobalSection
	GlobalSection(ExtensibilityGlobals) = postSolution
		SolutionGuid = {77DFFFBC-60FF-4DBB-8D7B-152E02CF6B5B}
	EndGlobalSection
EndGlobal
